
Microsoft Visual Studio Solution File, Format Version 12.00
# Visual Studio Version 16
VisualStudioVersion = 25.0.1705.2
MinimumVisualStudioVersion = 10.0.40219.1
Project("{FAE04EC0-301F-11D3-BF4B-00C04F79EFBC}") = "ProductFinder.Business", "ProductFinder.Business.csproj", "{6E9917C0-6D1F-40A0-B317-080F119CCCBE}"
EndProject
Global
	GlobalSection(SolutionConfigurationPlatforms) = preSolution
		Debug|Any CPU = Debug|Any CPU
		Release|Any CPU = Release|Any CPU
	EndGlobalSection
	GlobalSection(ProjectConfigurationPlatforms) = postSolution
		{6E9917C0-6D1F-40A0-B317-080F119CCCBE}.Debug|Any CPU.ActiveCfg = Debug|Any CPU
		{6E9917C0-6D1F-40A0-B317-080F119CCCBE}.Debug|Any CPU.Build.0 = Debug|Any CPU
		{6E9917C0-6D1F-40A0-B317-080F119CCCBE}.Release|Any CPU.ActiveCfg = Release|Any CPU
		{6E9917C0-6D1F-40A0-B317-080F119CCCBE}.Release|Any CPU.Build.0 = Release|Any CPU
	EndGlobalSection
	GlobalSection(SolutionProperties) = preSolution
		HideSolutionNode = FALSE
	EndGlobalSection
	GlobalSection(ExtensibilityGlobals) = postSolution
		SolutionGuid = {C0844E56-F5E2-425C-96C2-9B31395D90F0}
	EndGlobalSection
EndGlobal
